
Microsoft Visual Studio Solution File, Format Version 11.00
# Visual Studio 2010
Project("{FAE04EC0-301F-11D3-BF4B-00C04F79EFBC}") = "THDExcercise", "THDExcercise\THDExcercise.csproj", "{68417A64-D1F4-4872-A744-B139260C7862}"
EndProject
Global
	GlobalSection(SolutionConfigurationPlatforms) = preSolution
		Debug|Any CPU = Debug|Any CPU
		Release|Any CPU = Release|Any CPU
	EndGlobalSection
	GlobalSection(ProjectConfigurationPlatforms) = postSolution
		{68417A64-D1F4-4872-A744-B139260C7862}.Debug|Any CPU.ActiveCfg = Debug|Any CPU
		{68417A64-D1F4-4872-A744-B139260C7862}.Debug|Any CPU.Build.0 = Debug|Any CPU
		{68417A64-D1F4-4872-A744-B139260C7862}.Release|Any CPU.ActiveCfg = Release|Any CPU
		{68417A64-D1F4-4872-A744-B139260C7862}.Release|Any CPU.Build.0 = Release|Any CPU
	EndGlobalSection
	GlobalSection(SolutionProperties) = preSolution
		HideSolutionNode = FALSE
	EndGlobalSection
EndGlobal
